
Microsoft Visual Studio Solution File, Format Version 12.00
# Visual Studio Version 17
VisualStudioVersion = 17.13.35931.197
MinimumVisualStudioVersion = 10.0.40219.1
Project("{FAE04EC0-301F-11D3-BF4B-00C04F79EFBC}") = "Cashcontrol.API", "Cashcontrol.API.csproj", "{B37F6F3B-246B-46BF-87E8-7827185D12BC}"
EndProject
Global
	GlobalSection(SolutionConfigurationPlatforms) = preSolution
		Debug|Any CPU = Debug|Any CPU
		Release|Any CPU = Release|Any CPU
	EndGlobalSection
	GlobalSection(ProjectConfigurationPlatforms) = postSolution
		{B37F6F3B-246B-46BF-87E8-7827185D12BC}.Debug|Any CPU.ActiveCfg = Debug|Any CPU
		{B37F6F3B-246B-46BF-87E8-7827185D12BC}.Debug|Any CPU.Build.0 = Debug|Any CPU
		{B37F6F3B-246B-46BF-87E8-7827185D12BC}.Release|Any CPU.ActiveCfg = Release|Any CPU
		{B37F6F3B-246B-46BF-87E8-7827185D12BC}.Release|Any CPU.Build.0 = Release|Any CPU
	EndGlobalSection
	GlobalSection(SolutionProperties) = preSolution
		HideSolutionNode = FALSE
	EndGlobalSection
	GlobalSection(ExtensibilityGlobals) = postSolution
		SolutionGuid = {03D0C49F-CDDC-4FAB-A62B-E71EB9D6CE4F}
	EndGlobalSection
EndGlobal
